// !$*UTF8*$!
{
	archiveVersion = 1;
	classes = {
	};
	objectVersion = 56;
	objects = {

/* Begin PBXBuildFile section */
		3CBDCE362AA40599003742A8 /* Pacifico-Regular.ttf in Resources */ = {isa = PBXBuildFile; fileRef = 3CBDCE352AA40599003742A8 /* Pacifico-Regular.ttf */; };
		3CBDCE392AA40B6B003742A8 /* GoogleService-Info.plist in Resources */ = {isa = PBXBuildFile; fileRef = 3CBDCE382AA40B6B003742A8 /* GoogleService-Info.plist */; };
		3CDB2D232A95DECF00030EDF /* ios_roamantik_appApp.swift in Sources */ = {isa = PBXBuildFile; fileRef = 3CDB2D222A95DECF00030EDF /* ios_roamantik_appApp.swift */; };
		3CDB2D252A95DECF00030EDF /* ContentView.swift in Sources */ = {isa = PBXBuildFile; fileRef = 3CDB2D242A95DECF00030EDF /* ContentView.swift */; };
		3CDB2D272A95DED000030EDF /* Assets.xcassets in Resources */ = {isa = PBXBuildFile; fileRef = 3CDB2D262A95DED000030EDF /* Assets.xcassets */; };
		3CDB2D2A2A95DED000030EDF /* Preview Assets.xcassets in Resources */ = {isa = PBXBuildFile; fileRef = 3CDB2D292A95DED000030EDF /* Preview Assets.xcassets */; };
		3CDB2D2C2A95DED000030EDF /* Persistence.swift in Sources */ = {isa = PBXBuildFile; fileRef = 3CDB2D2B2A95DED000030EDF /* Persistence.swift */; };
		3CDB2D2F2A95DED000030EDF /* ios_roamantik_app.xcdatamodeld in Sources */ = {isa = PBXBuildFile; fileRef = 3CDB2D2D2A95DED000030EDF /* ios_roamantik_app.xcdatamodeld */; };
		3CDB2D392A95DED000030EDF /* ios_roamantik_appTests.swift in Sources */ = {isa = PBXBuildFile; fileRef = 3CDB2D382A95DED000030EDF /* ios_roamantik_appTests.swift */; };
		3CDB2D432A95DED000030EDF /* ios_roamantik_appUITests.swift in Sources */ = {isa = PBXBuildFile; fileRef = 3CDB2D422A95DED000030EDF /* ios_roamantik_appUITests.swift */; };
		3CDB2D452A95DED000030EDF /* ios_roamantik_appUITestsLaunchTests.swift in Sources */ = {isa = PBXBuildFile; fileRef = 3CDB2D442A95DED000030EDF /* ios_roamantik_appUITestsLaunchTests.swift */; };
		3CDB2D552A95E08B00030EDF /* FirebaseAnalytics in Frameworks */ = {isa = PBXBuildFile; productRef = 3CDB2D542A95E08B00030EDF /* FirebaseAnalytics */; };
		3CDB2D572A95E08B00030EDF /* FirebaseAnalyticsOnDeviceConversion in Frameworks */ = {isa = PBXBuildFile; productRef = 3CDB2D562A95E08B00030EDF /* FirebaseAnalyticsOnDeviceConversion */; };
		3CDB2D592A95E08B00030EDF /* FirebaseAnalyticsSwift in Frameworks */ = {isa = PBXBuildFile; productRef = 3CDB2D582A95E08B00030EDF /* FirebaseAnalyticsSwift */; };
		3CDB2D5B2A95E08B00030EDF /* FirebaseAnalyticsWithoutAdIdSupport in Frameworks */ = {isa = PBXBuildFile; productRef = 3CDB2D5A2A95E08B00030EDF /* FirebaseAnalyticsWithoutAdIdSupport */; };
		3CDB2D5D2A95E08B00030EDF /* FirebaseAppCheck in Frameworks */ = {isa = PBXBuildFile; productRef = 3CDB2D5C2A95E08B00030EDF /* FirebaseAppCheck */; };
		3CDB2D5F2A95E08B00030EDF /* FirebaseAppDistribution-Beta in Frameworks */ = {isa = PBXBuildFile; productRef = 3CDB2D5E2A95E08B00030EDF /* FirebaseAppDistribution-Beta */; };
		3CDB2D612A95E08B00030EDF /* FirebaseAuth in Frameworks */ = {isa = PBXBuildFile; productRef = 3CDB2D602A95E08B00030EDF /* FirebaseAuth */; };
		3CDB2D632A95E08B00030EDF /* FirebaseAuthCombine-Community in Frameworks */ = {isa = PBXBuildFile; productRef = 3CDB2D622A95E08B00030EDF /* FirebaseAuthCombine-Community */; };
		3CDB2D652A95E08B00030EDF /* FirebaseCrashlytics in Frameworks */ = {isa = PBXBuildFile; productRef = 3CDB2D642A95E08B00030EDF /* FirebaseCrashlytics */; };
		3CDB2D672A95E08B00030EDF /* FirebaseDatabase in Frameworks */ = {isa = PBXBuildFile; productRef = 3CDB2D662A95E08B00030EDF /* FirebaseDatabase */; };
		3CDB2D692A95E08B00030EDF /* FirebaseDatabaseSwift in Frameworks */ = {isa = PBXBuildFile; productRef = 3CDB2D682A95E08B00030EDF /* FirebaseDatabaseSwift */; };
		3CDB2D6B2A95E08B00030EDF /* FirebaseDynamicLinks in Frameworks */ = {isa = PBXBuildFile; productRef = 3CDB2D6A2A95E08B00030EDF /* FirebaseDynamicLinks */; };
		3CDB2D6D2A95E08B00030EDF /* FirebaseFirestore in Frameworks */ = {isa = PBXBuildFile; productRef = 3CDB2D6C2A95E08B00030EDF /* FirebaseFirestore */; };
		3CDB2D6F2A95E08B00030EDF /* FirebaseFirestoreCombine-Community in Frameworks */ = {isa = PBXBuildFile; productRef = 3CDB2D6E2A95E08B00030EDF /* FirebaseFirestoreCombine-Community */; };
		3CDB2D712A95E08B00030EDF /* FirebaseFirestoreSwift in Frameworks */ = {isa = PBXBuildFile; productRef = 3CDB2D702A95E08B00030EDF /* FirebaseFirestoreSwift */; };
		3CDB2D732A95E08B00030EDF /* FirebaseFunctions in Frameworks */ = {isa = PBXBuildFile; productRef = 3CDB2D722A95E08B00030EDF /* FirebaseFunctions */; };
		3CDB2D752A95E08B00030EDF /* FirebaseFunctionsCombine-Community in Frameworks */ = {isa = PBXBuildFile; productRef = 3CDB2D742A95E08B00030EDF /* FirebaseFunctionsCombine-Community */; };
		3CDB2D772A95E08B00030EDF /* FirebaseInAppMessaging-Beta in Frameworks */ = {isa = PBXBuildFile; productRef = 3CDB2D762A95E08B00030EDF /* FirebaseInAppMessaging-Beta */; };
		3CDB2D792A95E08B00030EDF /* FirebaseInAppMessagingSwift-Beta in Frameworks */ = {isa = PBXBuildFile; productRef = 3CDB2D782A95E08B00030EDF /* FirebaseInAppMessagingSwift-Beta */; };
		3CDB2D7B2A95E08B00030EDF /* FirebaseInstallations in Frameworks */ = {isa = PBXBuildFile; productRef = 3CDB2D7A2A95E08B00030EDF /* FirebaseInstallations */; };
		3CDB2D7D2A95E08B00030EDF /* FirebaseMLModelDownloader in Frameworks */ = {isa = PBXBuildFile; productRef = 3CDB2D7C2A95E08B00030EDF /* FirebaseMLModelDownloader */; };
		3CDB2D7F2A95E08B00030EDF /* FirebaseMessaging in Frameworks */ = {isa = PBXBuildFile; productRef = 3CDB2D7E2A95E08B00030EDF /* FirebaseMessaging */; };
		3CDB2D812A95E08B00030EDF /* FirebasePerformance in Frameworks */ = {isa = PBXBuildFile; productRef = 3CDB2D802A95E08B00030EDF /* FirebasePerformance */; };
		3CDB2D832A95E08B00030EDF /* FirebaseRemoteConfig in Frameworks */ = {isa = PBXBuildFile; productRef = 3CDB2D822A95E08B00030EDF /* FirebaseRemoteConfig */; };
		3CDB2D852A95E08B00030EDF /* FirebaseRemoteConfigSwift in Frameworks */ = {isa = PBXBuildFile; productRef = 3CDB2D842A95E08B00030EDF /* FirebaseRemoteConfigSwift */; };
		3CDB2D872A95E08B00030EDF /* FirebaseStorage in Frameworks */ = {isa = PBXBuildFile; productRef = 3CDB2D862A95E08B00030EDF /* FirebaseStorage */; };
		3CDB2D892A95E08B00030EDF /* FirebaseStorageCombine-Community in Frameworks */ = {isa = PBXBuildFile; productRef = 3CDB2D882A95E08B00030EDF /* FirebaseStorageCombine-Community */; };
		3CDB2D952A95E18D00030EDF /* SessionService.swift in Sources */ = {isa = PBXBuildFile; fileRef = 3CDB2D942A95E18D00030EDF /* SessionService.swift */; };
		3CDB2D972A95E1B300030EDF /* SessionUserDetails.swift in Sources */ = {isa = PBXBuildFile; fileRef = 3CDB2D962A95E1B300030EDF /* SessionUserDetails.swift */; };
		3CDB2D992A95E21400030EDF /* Tab.swift in Sources */ = {isa = PBXBuildFile; fileRef = 3CDB2D982A95E21400030EDF /* Tab.swift */; };
		3CDB2D9B2A95E23900030EDF /* HomeView.swift in Sources */ = {isa = PBXBuildFile; fileRef = 3CDB2D9A2A95E23900030EDF /* HomeView.swift */; };
		3CDB2D9D2A95E25F00030EDF /* FeedView.swift in Sources */ = {isa = PBXBuildFile; fileRef = 3CDB2D9C2A95E25F00030EDF /* FeedView.swift */; };
		3CDB2DA02A95E2AA00030EDF /* MapView.swift in Sources */ = {isa = PBXBuildFile; fileRef = 3CDB2D9F2A95E2AA00030EDF /* MapView.swift */; };
		3CDB2DA32A95E2E600030EDF /* AccountView.swift in Sources */ = {isa = PBXBuildFile; fileRef = 3CDB2DA22A95E2E600030EDF /* AccountView.swift */; };
		3CDB2DA92A95E32700030EDF /* LoginRegisterView.swift in Sources */ = {isa = PBXBuildFile; fileRef = 3CDB2DA82A95E32700030EDF /* LoginRegisterView.swift */; };
		3CDB2DAB2A95E36100030EDF /* CredentialsModel.swift in Sources */ = {isa = PBXBuildFile; fileRef = 3CDB2DAA2A95E36100030EDF /* CredentialsModel.swift */; };
		3CDB2DAD2A95E37C00030EDF /* LoginService.swift in Sources */ = {isa = PBXBuildFile; fileRef = 3CDB2DAC2A95E37C00030EDF /* LoginService.swift */; };
		3CDB2DAF2A95E39800030EDF /* LoginViewModel.swift in Sources */ = {isa = PBXBuildFile; fileRef = 3CDB2DAE2A95E39800030EDF /* LoginViewModel.swift */; };
		3CDB2DB12A95E3D600030EDF /* RoamantikColors.swift in Sources */ = {isa = PBXBuildFile; fileRef = 3CDB2DB02A95E3D600030EDF /* RoamantikColors.swift */; };
		3CDB2DC82A95E58300030EDF /* PreviewLayoutComponentModifier.swift in Sources */ = {isa = PBXBuildFile; fileRef = 3CDB2DC72A95E58300030EDF /* PreviewLayoutComponentModifier.swift */; };
		3CDB2DCA2A95E59500030EDF /* CloseModifier.swift in Sources */ = {isa = PBXBuildFile; fileRef = 3CDB2DC92A95E59500030EDF /* CloseModifier.swift */; };
		3CDB2DCC2A95E5AE00030EDF /* InputTextFieldView.swift in Sources */ = {isa = PBXBuildFile; fileRef = 3CDB2DCB2A95E5AE00030EDF /* InputTextFieldView.swift */; };
		3CDB2DCE2A95E5C600030EDF /* InputPasswordView.swift in Sources */ = {isa = PBXBuildFile; fileRef = 3CDB2DCD2A95E5C600030EDF /* InputPasswordView.swift */; };
		3CDB2DD02A95E5F300030EDF /* ButtonView.swift in Sources */ = {isa = PBXBuildFile; fileRef = 3CDB2DCF2A95E5F300030EDF /* ButtonView.swift */; };
		3CDB2DD42A95E6A200030EDF /* NotificationsView.swift in Sources */ = {isa = PBXBuildFile; fileRef = 3CDB2DD32A95E6A200030EDF /* NotificationsView.swift */; };
		3CDB2DD82A95E6DF00030EDF /* AddView.swift in Sources */ = {isa = PBXBuildFile; fileRef = 3CDB2DD72A95E6DF00030EDF /* AddView.swift */; };
		3CDB2DDC2A95E71700030EDF /* SearchView.swift in Sources */ = {isa = PBXBuildFile; fileRef = 3CDB2DDB2A95E71700030EDF /* SearchView.swift */; };
/* End PBXBuildFile section */

/* Begin PBXContainerItemProxy section */
		3CDB2D352A95DED000030EDF /* PBXContainerItemProxy */ = {
			isa = PBXContainerItemProxy;
			containerPortal = 3CDB2D172A95DECF00030EDF /* Project object */;
			proxyType = 1;
			remoteGlobalIDString = 3CDB2D1E2A95DECF00030EDF;
			remoteInfo = ios_roamantik_app;
		};
		3CDB2D3F2A95DED000030EDF /* PBXContainerItemProxy */ = {
			isa = PBXContainerItemProxy;
			containerPortal = 3CDB2D172A95DECF00030EDF /* Project object */;
			proxyType = 1;
			remoteGlobalIDString = 3CDB2D1E2A95DECF00030EDF;
			remoteInfo = ios_roamantik_app;
		};
/* End PBXContainerItemProxy section */

/* Begin PBXFileReference section */
		3CBDCE352AA40599003742A8 /* Pacifico-Regular.ttf */ = {isa = PBXFileReference; lastKnownFileType = file; path = "Pacifico-Regular.ttf"; sourceTree = "<group>"; };
		3CBDCE372AA40652003742A8 /* ios-roamantik-app-Info.plist */ = {isa = PBXFileReference; lastKnownFileType = text.plist; path = "ios-roamantik-app-Info.plist"; sourceTree = SOURCE_ROOT; };
		3CBDCE382AA40B6B003742A8 /* GoogleService-Info.plist */ = {isa = PBXFileReference; fileEncoding = 4; lastKnownFileType = text.plist.xml; path = "GoogleService-Info.plist"; sourceTree = "<group>"; };
		3CDB2D1F2A95DECF00030EDF /* ios_roamantik_app.app */ = {isa = PBXFileReference; explicitFileType = wrapper.application; includeInIndex = 0; path = ios_roamantik_app.app; sourceTree = BUILT_PRODUCTS_DIR; };
		3CDB2D222A95DECF00030EDF /* ios_roamantik_appApp.swift */ = {isa = PBXFileReference; lastKnownFileType = sourcecode.swift; path = ios_roamantik_appApp.swift; sourceTree = "<group>"; };
		3CDB2D242A95DECF00030EDF /* ContentView.swift */ = {isa = PBXFileReference; lastKnownFileType = sourcecode.swift; path = ContentView.swift; sourceTree = "<group>"; };
		3CDB2D262A95DED000030EDF /* Assets.xcassets */ = {isa = PBXFileReference; lastKnownFileType = folder.assetcatalog; path = Assets.xcassets; sourceTree = "<group>"; };
		3CDB2D292A95DED000030EDF /* Preview Assets.xcassets */ = {isa = PBXFileReference; lastKnownFileType = folder.assetcatalog; path = "Preview Assets.xcassets"; sourceTree = "<group>"; };
		3CDB2D2B2A95DED000030EDF /* Persistence.swift */ = {isa = PBXFileReference; lastKnownFileType = sourcecode.swift; path = Persistence.swift; sourceTree = "<group>"; };
		3CDB2D2E2A95DED000030EDF /* ios_roamantik_app.xcdatamodel */ = {isa = PBXFileReference; lastKnownFileType = wrapper.xcdatamodel; path = ios_roamantik_app.xcdatamodel; sourceTree = "<group>"; };
		3CDB2D342A95DED000030EDF /* ios_roamantik_appTests.xctest */ = {isa = PBXFileReference; explicitFileType = wrapper.cfbundle; includeInIndex = 0; path = ios_roamantik_appTests.xctest; sourceTree = BUILT_PRODUCTS_DIR; };
		3CDB2D382A95DED000030EDF /* ios_roamantik_appTests.swift */ = {isa = PBXFileReference; lastKnownFileType = sourcecode.swift; path = ios_roamantik_appTests.swift; sourceTree = "<group>"; };
		3CDB2D3E2A95DED000030EDF /* ios_roamantik_appUITests.xctest */ = {isa = PBXFileReference; explicitFileType = wrapper.cfbundle; includeInIndex = 0; path = ios_roamantik_appUITests.xctest; sourceTree = BUILT_PRODUCTS_DIR; };
		3CDB2D422A95DED000030EDF /* ios_roamantik_appUITests.swift */ = {isa = PBXFileReference; lastKnownFileType = sourcecode.swift; path = ios_roamantik_appUITests.swift; sourceTree = "<group>"; };
		3CDB2D442A95DED000030EDF /* ios_roamantik_appUITestsLaunchTests.swift */ = {isa = PBXFileReference; lastKnownFileType = sourcecode.swift; path = ios_roamantik_appUITestsLaunchTests.swift; sourceTree = "<group>"; };
		3CDB2D942A95E18D00030EDF /* SessionService.swift */ = {isa = PBXFileReference; lastKnownFileType = sourcecode.swift; path = SessionService.swift; sourceTree = "<group>"; };
		3CDB2D962A95E1B300030EDF /* SessionUserDetails.swift */ = {isa = PBXFileReference; lastKnownFileType = sourcecode.swift; path = SessionUserDetails.swift; sourceTree = "<group>"; };
		3CDB2D982A95E21400030EDF /* Tab.swift */ = {isa = PBXFileReference; lastKnownFileType = sourcecode.swift; path = Tab.swift; sourceTree = "<group>"; };
		3CDB2D9A2A95E23900030EDF /* HomeView.swift */ = {isa = PBXFileReference; lastKnownFileType = sourcecode.swift; path = HomeView.swift; sourceTree = "<group>"; };
		3CDB2D9C2A95E25F00030EDF /* FeedView.swift */ = {isa = PBXFileReference; lastKnownFileType = sourcecode.swift; path = FeedView.swift; sourceTree = "<group>"; };
		3CDB2D9F2A95E2AA00030EDF /* MapView.swift */ = {isa = PBXFileReference; lastKnownFileType = sourcecode.swift; path = MapView.swift; sourceTree = "<group>"; };
		3CDB2DA22A95E2E600030EDF /* AccountView.swift */ = {isa = PBXFileReference; lastKnownFileType = sourcecode.swift; path = AccountView.swift; sourceTree = "<group>"; };
		3CDB2DA82A95E32700030EDF /* LoginRegisterView.swift */ = {isa = PBXFileReference; lastKnownFileType = sourcecode.swift; path = LoginRegisterView.swift; sourceTree = "<group>"; };
		3CDB2DAA2A95E36100030EDF /* CredentialsModel.swift */ = {isa = PBXFileReference; lastKnownFileType = sourcecode.swift; path = CredentialsModel.swift; sourceTree = "<group>"; };
		3CDB2DAC2A95E37C00030EDF /* LoginService.swift */ = {isa = PBXFileReference; lastKnownFileType = sourcecode.swift; path = LoginService.swift; sourceTree = "<group>"; };
		3CDB2DAE2A95E39800030EDF /* LoginViewModel.swift */ = {isa = PBXFileReference; lastKnownFileType = sourcecode.swift; path = LoginViewModel.swift; sourceTree = "<group>"; };
		3CDB2DB02A95E3D600030EDF /* RoamantikColors.swift */ = {isa = PBXFileReference; lastKnownFileType = sourcecode.swift; path = RoamantikColors.swift; sourceTree = "<group>"; };
		3CDB2DC72A95E58300030EDF /* PreviewLayoutComponentModifier.swift */ = {isa = PBXFileReference; lastKnownFileType = sourcecode.swift; path = PreviewLayoutComponentModifier.swift; sourceTree = "<group>"; };
		3CDB2DC92A95E59500030EDF /* CloseModifier.swift */ = {isa = PBXFileReference; lastKnownFileType = sourcecode.swift; path = CloseModifier.swift; sourceTree = "<group>"; };
		3CDB2DCB2A95E5AE00030EDF /* InputTextFieldView.swift */ = {isa = PBXFileReference; lastKnownFileType = sourcecode.swift; path = InputTextFieldView.swift; sourceTree = "<group>"; };
		3CDB2DCD2A95E5C600030EDF /* InputPasswordView.swift */ = {isa = PBXFileReference; lastKnownFileType = sourcecode.swift; path = InputPasswordView.swift; sourceTree = "<group>"; };
		3CDB2DCF2A95E5F300030EDF /* ButtonView.swift */ = {isa = PBXFileReference; lastKnownFileType = sourcecode.swift; path = ButtonView.swift; sourceTree = "<group>"; };
		3CDB2DD32A95E6A200030EDF /* NotificationsView.swift */ = {isa = PBXFileReference; lastKnownFileType = sourcecode.swift; path = NotificationsView.swift; sourceTree = "<group>"; };
		3CDB2DD72A95E6DF00030EDF /* AddView.swift */ = {isa = PBXFileReference; lastKnownFileType = sourcecode.swift; path = AddView.swift; sourceTree = "<group>"; };
		3CDB2DDB2A95E71700030EDF /* SearchView.swift */ = {isa = PBXFileReference; lastKnownFileType = sourcecode.swift; path = SearchView.swift; sourceTree = "<group>"; };
/* End PBXFileReference section */

/* Begin PBXFrameworksBuildPhase section */
		3CDB2D1C2A95DECF00030EDF /* Frameworks */ = {
			isa = PBXFrameworksBuildPhase;
			buildActionMask = 2147483647;
			files = (
				3CDB2D672A95E08B00030EDF /* FirebaseDatabase in Frameworks */,
				3CDB2D752A95E08B00030EDF /* FirebaseFunctionsCombine-Community in Frameworks */,
				3CDB2D6D2A95E08B00030EDF /* FirebaseFirestore in Frameworks */,
				3CDB2D592A95E08B00030EDF /* FirebaseAnalyticsSwift in Frameworks */,
				3CDB2D552A95E08B00030EDF /* FirebaseAnalytics in Frameworks */,
				3CDB2D572A95E08B00030EDF /* FirebaseAnalyticsOnDeviceConversion in Frameworks */,
				3CDB2D7D2A95E08B00030EDF /* FirebaseMLModelDownloader in Frameworks */,
				3CDB2D712A95E08B00030EDF /* FirebaseFirestoreSwift in Frameworks */,
				3CDB2D5D2A95E08B00030EDF /* FirebaseAppCheck in Frameworks */,
				3CDB2D5B2A95E08B00030EDF /* FirebaseAnalyticsWithoutAdIdSupport in Frameworks */,
				3CDB2D612A95E08B00030EDF /* FirebaseAuth in Frameworks */,
				3CDB2D652A95E08B00030EDF /* FirebaseCrashlytics in Frameworks */,
				3CDB2D852A95E08B00030EDF /* FirebaseRemoteConfigSwift in Frameworks */,
				3CDB2D772A95E08B00030EDF /* FirebaseInAppMessaging-Beta in Frameworks */,
				3CDB2D692A95E08B00030EDF /* FirebaseDatabaseSwift in Frameworks */,
				3CDB2D732A95E08B00030EDF /* FirebaseFunctions in Frameworks */,
				3CDB2D892A95E08B00030EDF /* FirebaseStorageCombine-Community in Frameworks */,
				3CDB2D832A95E08B00030EDF /* FirebaseRemoteConfig in Frameworks */,
				3CDB2D5F2A95E08B00030EDF /* FirebaseAppDistribution-Beta in Frameworks */,
				3CDB2D632A95E08B00030EDF /* FirebaseAuthCombine-Community in Frameworks */,
				3CDB2D812A95E08B00030EDF /* FirebasePerformance in Frameworks */,
				3CDB2D792A95E08B00030EDF /* FirebaseInAppMessagingSwift-Beta in Frameworks */,
				3CDB2D872A95E08B00030EDF /* FirebaseStorage in Frameworks */,
				3CDB2D6B2A95E08B00030EDF /* FirebaseDynamicLinks in Frameworks */,
				3CDB2D6F2A95E08B00030EDF /* FirebaseFirestoreCombine-Community in Frameworks */,
				3CDB2D7F2A95E08B00030EDF /* FirebaseMessaging in Frameworks */,
				3CDB2D7B2A95E08B00030EDF /* FirebaseInstallations in Frameworks */,
			);
			runOnlyForDeploymentPostprocessing = 0;
		};
		3CDB2D312A95DED000030EDF /* Frameworks */ = {
			isa = PBXFrameworksBuildPhase;
			buildActionMask = 2147483647;
			files = (
			);
			runOnlyForDeploymentPostprocessing = 0;
		};
		3CDB2D3B2A95DED000030EDF /* Frameworks */ = {
			isa = PBXFrameworksBuildPhase;
			buildActionMask = 2147483647;
			files = (
			);
			runOnlyForDeploymentPostprocessing = 0;
		};
/* End PBXFrameworksBuildPhase section */

/* Begin PBXGroup section */
		3CBDCE342AA4058B003742A8 /* Fonts */ = {
			isa = PBXGroup;
			children = (
				3CBDCE352AA40599003742A8 /* Pacifico-Regular.ttf */,
			);
			path = Fonts;
			sourceTree = "<group>";
		};
		3CDB2D162A95DECF00030EDF = {
			isa = PBXGroup;
			children = (
				3CDB2D212A95DECF00030EDF /* ios_roamantik_app */,
				3CDB2D372A95DED000030EDF /* ios_roamantik_appTests */,
				3CDB2D412A95DED000030EDF /* ios_roamantik_appUITests */,
				3CDB2D202A95DECF00030EDF /* Products */,
			);
			sourceTree = "<group>";
		};
		3CDB2D202A95DECF00030EDF /* Products */ = {
			isa = PBXGroup;
			children = (
				3CDB2D1F2A95DECF00030EDF /* ios_roamantik_app.app */,
				3CDB2D342A95DED000030EDF /* ios_roamantik_appTests.xctest */,
				3CDB2D3E2A95DED000030EDF /* ios_roamantik_appUITests.xctest */,
			);
			name = Products;
			sourceTree = "<group>";
		};
		3CDB2D212A95DECF00030EDF /* ios_roamantik_app */ = {
			isa = PBXGroup;
			children = (
				3CBDCE382AA40B6B003742A8 /* GoogleService-Info.plist */,
				3CBDCE372AA40652003742A8 /* ios-roamantik-app-Info.plist */,
				3CBDCE342AA4058B003742A8 /* Fonts */,
				3CDB2D8D2A95E11E00030EDF /* Features */,
				3CDB2D8A2A95E0E900030EDF /* Base */,
				3CDB2D222A95DECF00030EDF /* ios_roamantik_appApp.swift */,
				3CDB2D242A95DECF00030EDF /* ContentView.swift */,
				3CDB2D262A95DED000030EDF /* Assets.xcassets */,
				3CDB2D2B2A95DED000030EDF /* Persistence.swift */,
				3CDB2D2D2A95DED000030EDF /* ios_roamantik_app.xcdatamodeld */,
				3CDB2D282A95DED000030EDF /* Preview Content */,
			);
			path = ios_roamantik_app;
			sourceTree = "<group>";
		};
		3CDB2D282A95DED000030EDF /* Preview Content */ = {
			isa = PBXGroup;
			children = (
				3CDB2D292A95DED000030EDF /* Preview Assets.xcassets */,
			);
			path = "Preview Content";
			sourceTree = "<group>";
		};
		3CDB2D372A95DED000030EDF /* ios_roamantik_appTests */ = {
			isa = PBXGroup;
			children = (
				3CDB2D382A95DED000030EDF /* ios_roamantik_appTests.swift */,
			);
			path = ios_roamantik_appTests;
			sourceTree = "<group>";
		};
		3CDB2D412A95DED000030EDF /* ios_roamantik_appUITests */ = {
			isa = PBXGroup;
			children = (
				3CDB2D422A95DED000030EDF /* ios_roamantik_appUITests.swift */,
				3CDB2D442A95DED000030EDF /* ios_roamantik_appUITestsLaunchTests.swift */,
			);
			path = ios_roamantik_appUITests;
			sourceTree = "<group>";
		};
		3CDB2D8A2A95E0E900030EDF /* Base */ = {
			isa = PBXGroup;
			children = (
				3CDB2D8C2A95E10700030EDF /* Views */,
				3CDB2D8B2A95E0F400030EDF /* Modifier */,
				3CDB2DB02A95E3D600030EDF /* RoamantikColors.swift */,
			);
			path = Base;
			sourceTree = "<group>";
		};
		3CDB2D8B2A95E0F400030EDF /* Modifier */ = {
			isa = PBXGroup;
			children = (
				3CDB2DC72A95E58300030EDF /* PreviewLayoutComponentModifier.swift */,
				3CDB2DC92A95E59500030EDF /* CloseModifier.swift */,
			);
			path = Modifier;
			sourceTree = "<group>";
		};
		3CDB2D8C2A95E10700030EDF /* Views */ = {
			isa = PBXGroup;
			children = (
				3CDB2DCB2A95E5AE00030EDF /* InputTextFieldView.swift */,
				3CDB2DCD2A95E5C600030EDF /* InputPasswordView.swift */,
				3CDB2DCF2A95E5F300030EDF /* ButtonView.swift */,
			);
			path = Views;
			sourceTree = "<group>";
		};
		3CDB2D8D2A95E11E00030EDF /* Features */ = {
			isa = PBXGroup;
			children = (
				3CDB2DD92A95E6FB00030EDF /* Discovery */,
				3CDB2DD52A95E6C800030EDF /* Add */,
				3CDB2DD12A95E68100030EDF /* Notifications */,
				3CDB2DA42A95E2F900030EDF /* LoginRegister */,
				3CDB2DA12A95E2D800030EDF /* Account */,
				3CDB2D9E2A95E29500030EDF /* Map */,
				3CDB2D912A95E15600030EDF /* Session */,
				3CDB2D8E2A95E12B00030EDF /* Home */,
			);
			path = Features;
			sourceTree = "<group>";
		};
		3CDB2D8E2A95E12B00030EDF /* Home */ = {
			isa = PBXGroup;
			children = (
				3CDB2D902A95E14600030EDF /* Views */,
				3CDB2D8F2A95E13E00030EDF /* Model */,
			);
			path = Home;
			sourceTree = "<group>";
		};
		3CDB2D8F2A95E13E00030EDF /* Model */ = {
			isa = PBXGroup;
			children = (
				3CDB2D982A95E21400030EDF /* Tab.swift */,
			);
			path = Model;
			sourceTree = "<group>";
		};
		3CDB2D902A95E14600030EDF /* Views */ = {
			isa = PBXGroup;
			children = (
				3CDB2D9A2A95E23900030EDF /* HomeView.swift */,
				3CDB2D9C2A95E25F00030EDF /* FeedView.swift */,
			);
			path = Views;
			sourceTree = "<group>";
		};
		3CDB2D912A95E15600030EDF /* Session */ = {
			isa = PBXGroup;
			children = (
				3CDB2D932A95E17100030EDF /* Model */,
				3CDB2D922A95E16800030EDF /* Service */,
			);
			path = Session;
			sourceTree = "<group>";
		};
		3CDB2D922A95E16800030EDF /* Service */ = {
			isa = PBXGroup;
			children = (
				3CDB2D942A95E18D00030EDF /* SessionService.swift */,
			);
			path = Service;
			sourceTree = "<group>";
		};
		3CDB2D932A95E17100030EDF /* Model */ = {
			isa = PBXGroup;
			children = (
				3CDB2D962A95E1B300030EDF /* SessionUserDetails.swift */,
			);
			path = Model;
			sourceTree = "<group>";
		};
		3CDB2D9E2A95E29500030EDF /* Map */ = {
			isa = PBXGroup;
			children = (
				3CDB2D9F2A95E2AA00030EDF /* MapView.swift */,
			);
			path = Map;
			sourceTree = "<group>";
		};
		3CDB2DA12A95E2D800030EDF /* Account */ = {
			isa = PBXGroup;
			children = (
				3CDB2DA22A95E2E600030EDF /* AccountView.swift */,
			);
			path = Account;
			sourceTree = "<group>";
		};
		3CDB2DA42A95E2F900030EDF /* LoginRegister */ = {
			isa = PBXGroup;
			children = (
				3CDB2DA72A95E30E00030EDF /* Model */,
				3CDB2DA62A95E30700030EDF /* Service */,
				3CDB2DA52A95E30000030EDF /* ViewModel */,
				3CDB2DA82A95E32700030EDF /* LoginRegisterView.swift */,
			);
			path = LoginRegister;
			sourceTree = "<group>";
		};
		3CDB2DA52A95E30000030EDF /* ViewModel */ = {
			isa = PBXGroup;
			children = (
				3CDB2DAE2A95E39800030EDF /* LoginViewModel.swift */,
			);
			path = ViewModel;
			sourceTree = "<group>";
		};
		3CDB2DA62A95E30700030EDF /* Service */ = {
			isa = PBXGroup;
			children = (
				3CDB2DAC2A95E37C00030EDF /* LoginService.swift */,
			);
			path = Service;
			sourceTree = "<group>";
		};
		3CDB2DA72A95E30E00030EDF /* Model */ = {
			isa = PBXGroup;
			children = (
				3CDB2DAA2A95E36100030EDF /* CredentialsModel.swift */,
			);
			path = Model;
			sourceTree = "<group>";
		};
		3CDB2DD12A95E68100030EDF /* Notifications */ = {
			isa = PBXGroup;
			children = (
				3CDB2DD22A95E69000030EDF /* Views */,
			);
			path = Notifications;
			sourceTree = "<group>";
		};
		3CDB2DD22A95E69000030EDF /* Views */ = {
			isa = PBXGroup;
			children = (
				3CDB2DD32A95E6A200030EDF /* NotificationsView.swift */,
			);
			path = Views;
			sourceTree = "<group>";
		};
		3CDB2DD52A95E6C800030EDF /* Add */ = {
			isa = PBXGroup;
			children = (
				3CDB2DD62A95E6D400030EDF /* Views */,
			);
			path = Add;
			sourceTree = "<group>";
		};
		3CDB2DD62A95E6D400030EDF /* Views */ = {
			isa = PBXGroup;
			children = (
				3CDB2DD72A95E6DF00030EDF /* AddView.swift */,
			);
			path = Views;
			sourceTree = "<group>";
		};
		3CDB2DD92A95E6FB00030EDF /* Discovery */ = {
			isa = PBXGroup;
			children = (
				3CDB2DDA2A95E70400030EDF /* Views */,
			);
			path = Discovery;
			sourceTree = "<group>";
		};
		3CDB2DDA2A95E70400030EDF /* Views */ = {
			isa = PBXGroup;
			children = (
				3CDB2DDB2A95E71700030EDF /* SearchView.swift */,
			);
			path = Views;
			sourceTree = "<group>";
		};
/* End PBXGroup section */

/* Begin PBXNativeTarget section */
		3CDB2D1E2A95DECF00030EDF /* ios_roamantik_app */ = {
			isa = PBXNativeTarget;
			buildConfigurationList = 3CDB2D482A95DED000030EDF /* Build configuration list for PBXNativeTarget "ios_roamantik_app" */;
			buildPhases = (
				3CDB2D1B2A95DECF00030EDF /* Sources */,
				3CDB2D1C2A95DECF00030EDF /* Frameworks */,
				3CDB2D1D2A95DECF00030EDF /* Resources */,
			);
			buildRules = (
			);
			dependencies = (
			);
			name = ios_roamantik_app;
			packageProductDependencies = (
				3CDB2D542A95E08B00030EDF /* FirebaseAnalytics */,
				3CDB2D562A95E08B00030EDF /* FirebaseAnalyticsOnDeviceConversion */,
				3CDB2D582A95E08B00030EDF /* FirebaseAnalyticsSwift */,
				3CDB2D5A2A95E08B00030EDF /* FirebaseAnalyticsWithoutAdIdSupport */,
				3CDB2D5C2A95E08B00030EDF /* FirebaseAppCheck */,
				3CDB2D5E2A95E08B00030EDF /* FirebaseAppDistribution-Beta */,
				3CDB2D602A95E08B00030EDF /* FirebaseAuth */,
				3CDB2D622A95E08B00030EDF /* FirebaseAuthCombine-Community */,
				3CDB2D642A95E08B00030EDF /* FirebaseCrashlytics */,
				3CDB2D662A95E08B00030EDF /* FirebaseDatabase */,
				3CDB2D682A95E08B00030EDF /* FirebaseDatabaseSwift */,
				3CDB2D6A2A95E08B00030EDF /* FirebaseDynamicLinks */,
				3CDB2D6C2A95E08B00030EDF /* FirebaseFirestore */,
				3CDB2D6E2A95E08B00030EDF /* FirebaseFirestoreCombine-Community */,
				3CDB2D702A95E08B00030EDF /* FirebaseFirestoreSwift */,
				3CDB2D722A95E08B00030EDF /* FirebaseFunctions */,
				3CDB2D742A95E08B00030EDF /* FirebaseFunctionsCombine-Community */,
				3CDB2D762A95E08B00030EDF /* FirebaseInAppMessaging-Beta */,
				3CDB2D782A95E08B00030EDF /* FirebaseInAppMessagingSwift-Beta */,
				3CDB2D7A2A95E08B00030EDF /* FirebaseInstallations */,
				3CDB2D7C2A95E08B00030EDF /* FirebaseMLModelDownloader */,
				3CDB2D7E2A95E08B00030EDF /* FirebaseMessaging */,
				3CDB2D802A95E08B00030EDF /* FirebasePerformance */,
				3CDB2D822A95E08B00030EDF /* FirebaseRemoteConfig */,
				3CDB2D842A95E08B00030EDF /* FirebaseRemoteConfigSwift */,
				3CDB2D862A95E08B00030EDF /* FirebaseStorage */,
				3CDB2D882A95E08B00030EDF /* FirebaseStorageCombine-Community */,
			);
			productName = ios_roamantik_app;
			productReference = 3CDB2D1F2A95DECF00030EDF /* ios_roamantik_app.app */;
			productType = "com.apple.product-type.application";
		};
		3CDB2D332A95DED000030EDF /* ios_roamantik_appTests */ = {
			isa = PBXNativeTarget;
			buildConfigurationList = 3CDB2D4B2A95DED000030EDF /* Build configuration list for PBXNativeTarget "ios_roamantik_appTests" */;
			buildPhases = (
				3CDB2D302A95DED000030EDF /* Sources */,
				3CDB2D312A95DED000030EDF /* Frameworks */,
				3CDB2D322A95DED000030EDF /* Resources */,
			);
			buildRules = (
			);
			dependencies = (
				3CDB2D362A95DED000030EDF /* PBXTargetDependency */,
			);
			name = ios_roamantik_appTests;
			productName = ios_roamantik_appTests;
			productReference = 3CDB2D342A95DED000030EDF /* ios_roamantik_appTests.xctest */;
			productType = "com.apple.product-type.bundle.unit-test";
		};
		3CDB2D3D2A95DED000030EDF /* ios_roamantik_appUITests */ = {
			isa = PBXNativeTarget;
			buildConfigurationList = 3CDB2D4E2A95DED000030EDF /* Build configuration list for PBXNativeTarget "ios_roamantik_appUITests" */;
			buildPhases = (
				3CDB2D3A2A95DED000030EDF /* Sources */,
				3CDB2D3B2A95DED000030EDF /* Frameworks */,
				3CDB2D3C2A95DED000030EDF /* Resources */,
			);
			buildRules = (
			);
			dependencies = (
				3CDB2D402A95DED000030EDF /* PBXTargetDependency */,
			);
			name = ios_roamantik_appUITests;
			productName = ios_roamantik_appUITests;
			productReference = 3CDB2D3E2A95DED000030EDF /* ios_roamantik_appUITests.xctest */;
			productType = "com.apple.product-type.bundle.ui-testing";
		};
/* End PBXNativeTarget section */

/* Begin PBXProject section */
		3CDB2D172A95DECF00030EDF /* Project object */ = {
			isa = PBXProject;
			attributes = {
				BuildIndependentTargetsInParallel = 1;
				LastSwiftUpdateCheck = 1430;
				LastUpgradeCheck = 1430;
				TargetAttributes = {
					3CDB2D1E2A95DECF00030EDF = {
						CreatedOnToolsVersion = 14.3.1;
					};
					3CDB2D332A95DED000030EDF = {
						CreatedOnToolsVersion = 14.3.1;
						TestTargetID = 3CDB2D1E2A95DECF00030EDF;
					};
					3CDB2D3D2A95DED000030EDF = {
						CreatedOnToolsVersion = 14.3.1;
						TestTargetID = 3CDB2D1E2A95DECF00030EDF;
					};
				};
			};
			buildConfigurationList = 3CDB2D1A2A95DECF00030EDF /* Build configuration list for PBXProject "ios_roamantik_app" */;
			compatibilityVersion = "Xcode 14.0";
			developmentRegion = en;
			hasScannedForEncodings = 0;
			knownRegions = (
				en,
				Base,
			);
			mainGroup = 3CDB2D162A95DECF00030EDF;
			packageReferences = (
				3CDB2D532A95E08B00030EDF /* XCRemoteSwiftPackageReference "firebase-ios-sdk" */,
			);
			productRefGroup = 3CDB2D202A95DECF00030EDF /* Products */;
			projectDirPath = "";
			projectRoot = "";
			targets = (
				3CDB2D1E2A95DECF00030EDF /* ios_roamantik_app */,
				3CDB2D332A95DED000030EDF /* ios_roamantik_appTests */,
				3CDB2D3D2A95DED000030EDF /* ios_roamantik_appUITests */,
			);
		};
/* End PBXProject section */

/* Begin PBXResourcesBuildPhase section */
		3CDB2D1D2A95DECF00030EDF /* Resources */ = {
			isa = PBXResourcesBuildPhase;
			buildActionMask = 2147483647;
			files = (
				3CDB2D2A2A95DED000030EDF /* Preview Assets.xcassets in Resources */,
				3CBDCE392AA40B6B003742A8 /* GoogleService-Info.plist in Resources */,
				3CBDCE362AA40599003742A8 /* Pacifico-Regular.ttf in Resources */,
				3CDB2D272A95DED000030EDF /* Assets.xcassets in Resources */,
				3CDB2D522A95DF6E00030EDF /* GoogleService-Info.plist in Resources */,
			);
			runOnlyForDeploymentPostprocessing = 0;
		};
		3CDB2D322A95DED000030EDF /* Resources */ = {
			isa = PBXResourcesBuildPhase;
			buildActionMask = 2147483647;
			files = (
			);
			runOnlyForDeploymentPostprocessing = 0;
		};
		3CDB2D3C2A95DED000030EDF /* Resources */ = {
			isa = PBXResourcesBuildPhase;
			buildActionMask = 2147483647;
			files = (
			);
			runOnlyForDeploymentPostprocessing = 0;
		};
/* End PBXResourcesBuildPhase section */

/* Begin PBXSourcesBuildPhase section */
		3CDB2D1B2A95DECF00030EDF /* Sources */ = {
			isa = PBXSourcesBuildPhase;
			buildActionMask = 2147483647;
			files = (
				3CDB2D2C2A95DED000030EDF /* Persistence.swift in Sources */,
				3CDB2D9D2A95E25F00030EDF /* FeedView.swift in Sources */,
				3CDB2DD82A95E6DF00030EDF /* AddView.swift in Sources */,
				3CDB2DCC2A95E5AE00030EDF /* InputTextFieldView.swift in Sources */,
				3CDB2D952A95E18D00030EDF /* SessionService.swift in Sources */,
				3CDB2DCE2A95E5C600030EDF /* InputPasswordView.swift in Sources */,
				3CDB2DD02A95E5F300030EDF /* ButtonView.swift in Sources */,
				3CDB2D972A95E1B300030EDF /* SessionUserDetails.swift in Sources */,
				3CDB2DB12A95E3D600030EDF /* RoamantikColors.swift in Sources */,
				3CDB2DA32A95E2E600030EDF /* AccountView.swift in Sources */,
				3CDB2D252A95DECF00030EDF /* ContentView.swift in Sources */,
				3CDB2DC82A95E58300030EDF /* PreviewLayoutComponentModifier.swift in Sources */,
				3CDB2DDC2A95E71700030EDF /* SearchView.swift in Sources */,
				3CDB2DA92A95E32700030EDF /* LoginRegisterView.swift in Sources */,
				3CDB2D2F2A95DED000030EDF /* ios_roamantik_app.xcdatamodeld in Sources */,
				3CDB2DD42A95E6A200030EDF /* NotificationsView.swift in Sources */,
				3CDB2DAF2A95E39800030EDF /* LoginViewModel.swift in Sources */,
				3CDB2D9B2A95E23900030EDF /* HomeView.swift in Sources */,
				3CDB2DA02A95E2AA00030EDF /* MapView.swift in Sources */,
				3CDB2D232A95DECF00030EDF /* ios_roamantik_appApp.swift in Sources */,
				3CDB2DCA2A95E59500030EDF /* CloseModifier.swift in Sources */,
				3CDB2DAB2A95E36100030EDF /* CredentialsModel.swift in Sources */,
				3CDB2D992A95E21400030EDF /* Tab.swift in Sources */,
				3CDB2DAD2A95E37C00030EDF /* LoginService.swift in Sources */,
			);
			runOnlyForDeploymentPostprocessing = 0;
		};
		3CDB2D302A95DED000030EDF /* Sources */ = {
			isa = PBXSourcesBuildPhase;
			buildActionMask = 2147483647;
			files = (
				3CDB2D392A95DED000030EDF /* ios_roamantik_appTests.swift in Sources */,
			);
			runOnlyForDeploymentPostprocessing = 0;
		};
		3CDB2D3A2A95DED000030EDF /* Sources */ = {
			isa = PBXSourcesBuildPhase;
			buildActionMask = 2147483647;
			files = (
				3CDB2D432A95DED000030EDF /* ios_roamantik_appUITests.swift in Sources */,
				3CDB2D452A95DED000030EDF /* ios_roamantik_appUITestsLaunchTests.swift in Sources */,
			);
			runOnlyForDeploymentPostprocessing = 0;
		};
/* End PBXSourcesBuildPhase section */

/* Begin PBXTargetDependency section */
		3CDB2D362A95DED000030EDF /* PBXTargetDependency */ = {
			isa = PBXTargetDependency;
			target = 3CDB2D1E2A95DECF00030EDF /* ios_roamantik_app */;
			targetProxy = 3CDB2D352A95DED000030EDF /* PBXContainerItemProxy */;
		};
		3CDB2D402A95DED000030EDF /* PBXTargetDependency */ = {
			isa = PBXTargetDependency;
			target = 3CDB2D1E2A95DECF00030EDF /* ios_roamantik_app */;
			targetProxy = 3CDB2D3F2A95DED000030EDF /* PBXContainerItemProxy */;
		};
/* End PBXTargetDependency section */

/* Begin XCBuildConfiguration section */
		3CDB2D462A95DED000030EDF /* Debug */ = {
			isa = XCBuildConfiguration;
			buildSettings = {
				ALWAYS_SEARCH_USER_PATHS = NO;
				CLANG_ANALYZER_NONNULL = YES;
				CLANG_ANALYZER_NUMBER_OBJECT_CONVERSION = YES_AGGRESSIVE;
				CLANG_CXX_LANGUAGE_STANDARD = "gnu++20";
				CLANG_ENABLE_MODULES = YES;
				CLANG_ENABLE_OBJC_ARC = YES;
				CLANG_ENABLE_OBJC_WEAK = YES;
				CLANG_WARN_BLOCK_CAPTURE_AUTORELEASING = YES;
				CLANG_WARN_BOOL_CONVERSION = YES;
				CLANG_WARN_COMMA = YES;
				CLANG_WARN_CONSTANT_CONVERSION = YES;
				CLANG_WARN_DEPRECATED_OBJC_IMPLEMENTATIONS = YES;
				CLANG_WARN_DIRECT_OBJC_ISA_USAGE = YES_ERROR;
				CLANG_WARN_DOCUMENTATION_COMMENTS = YES;
				CLANG_WARN_EMPTY_BODY = YES;
				CLANG_WARN_ENUM_CONVERSION = YES;
				CLANG_WARN_INFINITE_RECURSION = YES;
				CLANG_WARN_INT_CONVERSION = YES;
				CLANG_WARN_NON_LITERAL_NULL_CONVERSION = YES;
				CLANG_WARN_OBJC_IMPLICIT_RETAIN_SELF = YES;
				CLANG_WARN_OBJC_LITERAL_CONVERSION = YES;
				CLANG_WARN_OBJC_ROOT_CLASS = YES_ERROR;
				CLANG_WARN_QUOTED_INCLUDE_IN_FRAMEWORK_HEADER = YES;
				CLANG_WARN_RANGE_LOOP_ANALYSIS = YES;
				CLANG_WARN_STRICT_PROTOTYPES = YES;
				CLANG_WARN_SUSPICIOUS_MOVE = YES;
				CLANG_WARN_UNGUARDED_AVAILABILITY = YES_AGGRESSIVE;
				CLANG_WARN_UNREACHABLE_CODE = YES;
				CLANG_WARN__DUPLICATE_METHOD_MATCH = YES;
				COPY_PHASE_STRIP = NO;
				DEBUG_INFORMATION_FORMAT = dwarf;
				ENABLE_STRICT_OBJC_MSGSEND = YES;
				ENABLE_TESTABILITY = YES;
				GCC_C_LANGUAGE_STANDARD = gnu11;
				GCC_DYNAMIC_NO_PIC = NO;
				GCC_NO_COMMON_BLOCKS = YES;
				GCC_OPTIMIZATION_LEVEL = 0;
				GCC_PREPROCESSOR_DEFINITIONS = (
					"DEBUG=1",
					"$(inherited)",
				);
				GCC_WARN_64_TO_32_BIT_CONVERSION = YES;
				GCC_WARN_ABOUT_RETURN_TYPE = YES_ERROR;
				GCC_WARN_UNDECLARED_SELECTOR = YES;
				GCC_WARN_UNINITIALIZED_AUTOS = YES_AGGRESSIVE;
				GCC_WARN_UNUSED_FUNCTION = YES;
				GCC_WARN_UNUSED_VARIABLE = YES;
				IPHONEOS_DEPLOYMENT_TARGET = 16.4;
				MTL_ENABLE_DEBUG_INFO = INCLUDE_SOURCE;
				MTL_FAST_MATH = YES;
				ONLY_ACTIVE_ARCH = YES;
				SDKROOT = iphoneos;
				SWIFT_ACTIVE_COMPILATION_CONDITIONS = DEBUG;
				SWIFT_OPTIMIZATION_LEVEL = "-Onone";
			};
			name = Debug;
		};
		3CDB2D472A95DED000030EDF /* Release */ = {
			isa = XCBuildConfiguration;
			buildSettings = {
				ALWAYS_SEARCH_USER_PATHS = NO;
				CLANG_ANALYZER_NONNULL = YES;
				CLANG_ANALYZER_NUMBER_OBJECT_CONVERSION = YES_AGGRESSIVE;
				CLANG_CXX_LANGUAGE_STANDARD = "gnu++20";
				CLANG_ENABLE_MODULES = YES;
				CLANG_ENABLE_OBJC_ARC = YES;
				CLANG_ENABLE_OBJC_WEAK = YES;
				CLANG_WARN_BLOCK_CAPTURE_AUTORELEASING = YES;
				CLANG_WARN_BOOL_CONVERSION = YES;
				CLANG_WARN_COMMA = YES;
				CLANG_WARN_CONSTANT_CONVERSION = YES;
				CLANG_WARN_DEPRECATED_OBJC_IMPLEMENTATIONS = YES;
				CLANG_WARN_DIRECT_OBJC_ISA_USAGE = YES_ERROR;
				CLANG_WARN_DOCUMENTATION_COMMENTS = YES;
				CLANG_WARN_EMPTY_BODY = YES;
				CLANG_WARN_ENUM_CONVERSION = YES;
				CLANG_WARN_INFINITE_RECURSION = YES;
				CLANG_WARN_INT_CONVERSION = YES;
				CLANG_WARN_NON_LITERAL_NULL_CONVERSION = YES;
				CLANG_WARN_OBJC_IMPLICIT_RETAIN_SELF = YES;
				CLANG_WARN_OBJC_LITERAL_CONVERSION = YES;
				CLANG_WARN_OBJC_ROOT_CLASS = YES_ERROR;
				CLANG_WARN_QUOTED_INCLUDE_IN_FRAMEWORK_HEADER = YES;
				CLANG_WARN_RANGE_LOOP_ANALYSIS = YES;
				CLANG_WARN_STRICT_PROTOTYPES = YES;
				CLANG_WARN_SUSPICIOUS_MOVE = YES;
				CLANG_WARN_UNGUARDED_AVAILABILITY = YES_AGGRESSIVE;
				CLANG_WARN_UNREACHABLE_CODE = YES;
				CLANG_WARN__DUPLICATE_METHOD_MATCH = YES;
				COPY_PHASE_STRIP = NO;
				DEBUG_INFORMATION_FORMAT = "dwarf-with-dsym";
				ENABLE_NS_ASSERTIONS = NO;
				ENABLE_STRICT_OBJC_MSGSEND = YES;
				GCC_C_LANGUAGE_STANDARD = gnu11;
				GCC_NO_COMMON_BLOCKS = YES;
				GCC_WARN_64_TO_32_BIT_CONVERSION = YES;
				GCC_WARN_ABOUT_RETURN_TYPE = YES_ERROR;
				GCC_WARN_UNDECLARED_SELECTOR = YES;
				GCC_WARN_UNINITIALIZED_AUTOS = YES_AGGRESSIVE;
				GCC_WARN_UNUSED_FUNCTION = YES;
				GCC_WARN_UNUSED_VARIABLE = YES;
				IPHONEOS_DEPLOYMENT_TARGET = 16.4;
				MTL_ENABLE_DEBUG_INFO = NO;
				MTL_FAST_MATH = YES;
				SDKROOT = iphoneos;
				SWIFT_COMPILATION_MODE = wholemodule;
				SWIFT_OPTIMIZATION_LEVEL = "-O";
				VALIDATE_PRODUCT = YES;
			};
			name = Release;
		};
		3CDB2D492A95DED000030EDF /* Debug */ = {
			isa = XCBuildConfiguration;
			buildSettings = {
				ASSETCATALOG_COMPILER_APPICON_NAME = AppIcon;
				ASSETCATALOG_COMPILER_GLOBAL_ACCENT_COLOR_NAME = AccentColor;
				CODE_SIGN_STYLE = Automatic;
				CURRENT_PROJECT_VERSION = 1;
				DEVELOPMENT_ASSET_PATHS = "\"ios_roamantik_app/Preview Content\"";
				DEVELOPMENT_TEAM = AYAPBWH8B2;
				ENABLE_PREVIEWS = YES;
				GENERATE_INFOPLIST_FILE = YES;
				INFOPLIST_FILE = "ios-roamantik-app-Info.plist";
				INFOPLIST_KEY_UIApplicationSceneManifest_Generation = YES;
				INFOPLIST_KEY_UIApplicationSupportsIndirectInputEvents = YES;
				INFOPLIST_KEY_UILaunchScreen_Generation = YES;
				INFOPLIST_KEY_UISupportedInterfaceOrientations_iPad = "UIInterfaceOrientationPortrait UIInterfaceOrientationPortraitUpsideDown UIInterfaceOrientationLandscapeLeft UIInterfaceOrientationLandscapeRight";
				INFOPLIST_KEY_UISupportedInterfaceOrientations_iPhone = "UIInterfaceOrientationPortrait UIInterfaceOrientationLandscapeLeft UIInterfaceOrientationLandscapeRight";
				LD_RUNPATH_SEARCH_PATHS = (
					"$(inherited)",
					"@executable_path/Frameworks",
				);
				MARKETING_VERSION = 1.0;
				PRODUCT_BUNDLE_IDENTIFIER = "com.whatevr.ios-roamantik-app";
				PRODUCT_NAME = "$(TARGET_NAME)";
				SWIFT_EMIT_LOC_STRINGS = YES;
				SWIFT_VERSION = 5.0;
				TARGETED_DEVICE_FAMILY = "1,2";
			};
			name = Debug;
		};
		3CDB2D4A2A95DED000030EDF /* Release */ = {
			isa = XCBuildConfiguration;
			buildSettings = {
				ASSETCATALOG_COMPILER_APPICON_NAME = AppIcon;
				ASSETCATALOG_COMPILER_GLOBAL_ACCENT_COLOR_NAME = AccentColor;
				CODE_SIGN_STYLE = Automatic;
				CURRENT_PROJECT_VERSION = 1;
				DEVELOPMENT_ASSET_PATHS = "\"ios_roamantik_app/Preview Content\"";
				DEVELOPMENT_TEAM = AYAPBWH8B2;
				ENABLE_PREVIEWS = YES;
				GENERATE_INFOPLIST_FILE = YES;
				INFOPLIST_FILE = "ios-roamantik-app-Info.plist";
				INFOPLIST_KEY_UIApplicationSceneManifest_Generation = YES;
				INFOPLIST_KEY_UIApplicationSupportsIndirectInputEvents = YES;
				INFOPLIST_KEY_UILaunchScreen_Generation = YES;
				INFOPLIST_KEY_UISupportedInterfaceOrientations_iPad = "UIInterfaceOrientationPortrait UIInterfaceOrientationPortraitUpsideDown UIInterfaceOrientationLandscapeLeft UIInterfaceOrientationLandscapeRight";
				INFOPLIST_KEY_UISupportedInterfaceOrientations_iPhone = "UIInterfaceOrientationPortrait UIInterfaceOrientationLandscapeLeft UIInterfaceOrientationLandscapeRight";
				LD_RUNPATH_SEARCH_PATHS = (
					"$(inherited)",
					"@executable_path/Frameworks",
				);
				MARKETING_VERSION = 1.0;
				PRODUCT_BUNDLE_IDENTIFIER = "com.whatevr.ios-roamantik-app";
				PRODUCT_NAME = "$(TARGET_NAME)";
				SWIFT_EMIT_LOC_STRINGS = YES;
				SWIFT_VERSION = 5.0;
				TARGETED_DEVICE_FAMILY = "1,2";
			};
			name = Release;
		};
		3CDB2D4C2A95DED000030EDF /* Debug */ = {
			isa = XCBuildConfiguration;
			buildSettings = {
				ALWAYS_EMBED_SWIFT_STANDARD_LIBRARIES = YES;
				BUNDLE_LOADER = "$(TEST_HOST)";
				CODE_SIGN_STYLE = Automatic;
				CURRENT_PROJECT_VERSION = 1;
				DEVELOPMENT_TEAM = AYAPBWH8B2;
				GENERATE_INFOPLIST_FILE = YES;
				IPHONEOS_DEPLOYMENT_TARGET = 16.4;
				MARKETING_VERSION = 1.0;
				PRODUCT_BUNDLE_IDENTIFIER = "com.whatevr.ios-roamantik-appTests";
				PRODUCT_NAME = "$(TARGET_NAME)";
				SWIFT_EMIT_LOC_STRINGS = NO;
				SWIFT_VERSION = 5.0;
				TARGETED_DEVICE_FAMILY = "1,2";
				TEST_HOST = "$(BUILT_PRODUCTS_DIR)/ios_roamantik_app.app/$(BUNDLE_EXECUTABLE_FOLDER_PATH)/ios_roamantik_app";
			};
			name = Debug;
		};
		3CDB2D4D2A95DED000030EDF /* Release */ = {
			isa = XCBuildConfiguration;
			buildSettings = {
				ALWAYS_EMBED_SWIFT_STANDARD_LIBRARIES = YES;
				BUNDLE_LOADER = "$(TEST_HOST)";
				CODE_SIGN_STYLE = Automatic;
				CURRENT_PROJECT_VERSION = 1;
				DEVELOPMENT_TEAM = AYAPBWH8B2;
				GENERATE_INFOPLIST_FILE = YES;
				IPHONEOS_DEPLOYMENT_TARGET = 16.4;
				MARKETING_VERSION = 1.0;
				PRODUCT_BUNDLE_IDENTIFIER = "com.whatevr.ios-roamantik-appTests";
				PRODUCT_NAME = "$(TARGET_NAME)";
				SWIFT_EMIT_LOC_STRINGS = NO;
				SWIFT_VERSION = 5.0;
				TARGETED_DEVICE_FAMILY = "1,2";
				TEST_HOST = "$(BUILT_PRODUCTS_DIR)/ios_roamantik_app.app/$(BUNDLE_EXECUTABLE_FOLDER_PATH)/ios_roamantik_app";
			};
			name = Release;
		};
		3CDB2D4F2A95DED000030EDF /* Debug */ = {
			isa = XCBuildConfiguration;
			buildSettings = {
				ALWAYS_EMBED_SWIFT_STANDARD_LIBRARIES = YES;
				CODE_SIGN_STYLE = Automatic;
				CURRENT_PROJECT_VERSION = 1;
				DEVELOPMENT_TEAM = AYAPBWH8B2;
				GENERATE_INFOPLIST_FILE = YES;
				MARKETING_VERSION = 1.0;
				PRODUCT_BUNDLE_IDENTIFIER = "com.whatevr.ios-roamantik-appUITests";
				PRODUCT_NAME = "$(TARGET_NAME)";
				SWIFT_EMIT_LOC_STRINGS = NO;
				SWIFT_VERSION = 5.0;
				TARGETED_DEVICE_FAMILY = "1,2";
				TEST_TARGET_NAME = ios_roamantik_app;
			};
			name = Debug;
		};
		3CDB2D502A95DED000030EDF /* Release */ = {
			isa = XCBuildConfiguration;
			buildSettings = {
				ALWAYS_EMBED_SWIFT_STANDARD_LIBRARIES = YES;
				CODE_SIGN_STYLE = Automatic;
				CURRENT_PROJECT_VERSION = 1;
				DEVELOPMENT_TEAM = AYAPBWH8B2;
				GENERATE_INFOPLIST_FILE = YES;
				MARKETING_VERSION = 1.0;
				PRODUCT_BUNDLE_IDENTIFIER = "com.whatevr.ios-roamantik-appUITests";
				PRODUCT_NAME = "$(TARGET_NAME)";
				SWIFT_EMIT_LOC_STRINGS = NO;
				SWIFT_VERSION = 5.0;
				TARGETED_DEVICE_FAMILY = "1,2";
				TEST_TARGET_NAME = ios_roamantik_app;
			};
			name = Release;
		};
/* End XCBuildConfiguration section */

/* Begin XCConfigurationList section */
		3CDB2D1A2A95DECF00030EDF /* Build configuration list for PBXProject "ios_roamantik_app" */ = {
			isa = XCConfigurationList;
			buildConfigurations = (
				3CDB2D462A95DED000030EDF /* Debug */,
				3CDB2D472A95DED000030EDF /* Release */,
			);
			defaultConfigurationIsVisible = 0;
			defaultConfigurationName = Release;
		};
		3CDB2D482A95DED000030EDF /* Build configuration list for PBXNativeTarget "ios_roamantik_app" */ = {
			isa = XCConfigurationList;
			buildConfigurations = (
				3CDB2D492A95DED000030EDF /* Debug */,
				3CDB2D4A2A95DED000030EDF /* Release */,
			);
			defaultConfigurationIsVisible = 0;
			defaultConfigurationName = Release;
		};
		3CDB2D4B2A95DED000030EDF /* Build configuration list for PBXNativeTarget "ios_roamantik_appTests" */ = {
			isa = XCConfigurationList;
			buildConfigurations = (
				3CDB2D4C2A95DED000030EDF /* Debug */,
				3CDB2D4D2A95DED000030EDF /* Release */,
			);
			defaultConfigurationIsVisible = 0;
			defaultConfigurationName = Release;
		};
		3CDB2D4E2A95DED000030EDF /* Build configuration list for PBXNativeTarget "ios_roamantik_appUITests" */ = {
			isa = XCConfigurationList;
			buildConfigurations = (
				3CDB2D4F2A95DED000030EDF /* Debug */,
				3CDB2D502A95DED000030EDF /* Release */,
			);
			defaultConfigurationIsVisible = 0;
			defaultConfigurationName = Release;
		};
/* End XCConfigurationList section */

/* Begin XCRemoteSwiftPackageReference section */
		3CDB2D532A95E08B00030EDF /* XCRemoteSwiftPackageReference "firebase-ios-sdk" */ = {
			isa = XCRemoteSwiftPackageReference;
			repositoryURL = "https://github.com/firebase/firebase-ios-sdk";
			requirement = {
				kind = upToNextMajorVersion;
				minimumVersion = 10.0.0;
			};
		};
/* End XCRemoteSwiftPackageReference section */

/* Begin XCSwiftPackageProductDependency section */
		3CDB2D542A95E08B00030EDF /* FirebaseAnalytics */ = {
			isa = XCSwiftPackageProductDependency;
			package = 3CDB2D532A95E08B00030EDF /* XCRemoteSwiftPackageReference "firebase-ios-sdk" */;
			productName = FirebaseAnalytics;
		};
		3CDB2D562A95E08B00030EDF /* FirebaseAnalyticsOnDeviceConversion */ = {
			isa = XCSwiftPackageProductDependency;
			package = 3CDB2D532A95E08B00030EDF /* XCRemoteSwiftPackageReference "firebase-ios-sdk" */;
			productName = FirebaseAnalyticsOnDeviceConversion;
		};
		3CDB2D582A95E08B00030EDF /* FirebaseAnalyticsSwift */ = {
			isa = XCSwiftPackageProductDependency;
			package = 3CDB2D532A95E08B00030EDF /* XCRemoteSwiftPackageReference "firebase-ios-sdk" */;
			productName = FirebaseAnalyticsSwift;
		};
		3CDB2D5A2A95E08B00030EDF /* FirebaseAnalyticsWithoutAdIdSupport */ = {
			isa = XCSwiftPackageProductDependency;
			package = 3CDB2D532A95E08B00030EDF /* XCRemoteSwiftPackageReference "firebase-ios-sdk" */;
			productName = FirebaseAnalyticsWithoutAdIdSupport;
		};
		3CDB2D5C2A95E08B00030EDF /* FirebaseAppCheck */ = {
			isa = XCSwiftPackageProductDependency;
			package = 3CDB2D532A95E08B00030EDF /* XCRemoteSwiftPackageReference "firebase-ios-sdk" */;
			productName = FirebaseAppCheck;
		};
		3CDB2D5E2A95E08B00030EDF /* FirebaseAppDistribution-Beta */ = {
			isa = XCSwiftPackageProductDependency;
			package = 3CDB2D532A95E08B00030EDF /* XCRemoteSwiftPackageReference "firebase-ios-sdk" */;
			productName = "FirebaseAppDistribution-Beta";
		};
		3CDB2D602A95E08B00030EDF /* FirebaseAuth */ = {
			isa = XCSwiftPackageProductDependency;
			package = 3CDB2D532A95E08B00030EDF /* XCRemoteSwiftPackageReference "firebase-ios-sdk" */;
			productName = FirebaseAuth;
		};
		3CDB2D622A95E08B00030EDF /* FirebaseAuthCombine-Community */ = {
			isa = XCSwiftPackageProductDependency;
			package = 3CDB2D532A95E08B00030EDF /* XCRemoteSwiftPackageReference "firebase-ios-sdk" */;
			productName = "FirebaseAuthCombine-Community";
		};
		3CDB2D642A95E08B00030EDF /* FirebaseCrashlytics */ = {
			isa = XCSwiftPackageProductDependency;
			package = 3CDB2D532A95E08B00030EDF /* XCRemoteSwiftPackageReference "firebase-ios-sdk" */;
			productName = FirebaseCrashlytics;
		};
		3CDB2D662A95E08B00030EDF /* FirebaseDatabase */ = {
			isa = XCSwiftPackageProductDependency;
			package = 3CDB2D532A95E08B00030EDF /* XCRemoteSwiftPackageReference "firebase-ios-sdk" */;
			productName = FirebaseDatabase;
		};
		3CDB2D682A95E08B00030EDF /* FirebaseDatabaseSwift */ = {
			isa = XCSwiftPackageProductDependency;
			package = 3CDB2D532A95E08B00030EDF /* XCRemoteSwiftPackageReference "firebase-ios-sdk" */;
			productName = FirebaseDatabaseSwift;
		};
		3CDB2D6A2A95E08B00030EDF /* FirebaseDynamicLinks */ = {
			isa = XCSwiftPackageProductDependency;
			package = 3CDB2D532A95E08B00030EDF /* XCRemoteSwiftPackageReference "firebase-ios-sdk" */;
			productName = FirebaseDynamicLinks;
		};
		3CDB2D6C2A95E08B00030EDF /* FirebaseFirestore */ = {
			isa = XCSwiftPackageProductDependency;
			package = 3CDB2D532A95E08B00030EDF /* XCRemoteSwiftPackageReference "firebase-ios-sdk" */;
			productName = FirebaseFirestore;
		};
		3CDB2D6E2A95E08B00030EDF /* FirebaseFirestoreCombine-Community */ = {
			isa = XCSwiftPackageProductDependency;
			package = 3CDB2D532A95E08B00030EDF /* XCRemoteSwiftPackageReference "firebase-ios-sdk" */;
			productName = "FirebaseFirestoreCombine-Community";
		};
		3CDB2D702A95E08B00030EDF /* FirebaseFirestoreSwift */ = {
			isa = XCSwiftPackageProductDependency;
			package = 3CDB2D532A95E08B00030EDF /* XCRemoteSwiftPackageReference "firebase-ios-sdk" */;
			productName = FirebaseFirestoreSwift;
		};
		3CDB2D722A95E08B00030EDF /* FirebaseFunctions */ = {
			isa = XCSwiftPackageProductDependency;
			package = 3CDB2D532A95E08B00030EDF /* XCRemoteSwiftPackageReference "firebase-ios-sdk" */;
			productName = FirebaseFunctions;
		};
		3CDB2D742A95E08B00030EDF /* FirebaseFunctionsCombine-Community */ = {
			isa = XCSwiftPackageProductDependency;
			package = 3CDB2D532A95E08B00030EDF /* XCRemoteSwiftPackageReference "firebase-ios-sdk" */;
			productName = "FirebaseFunctionsCombine-Community";
		};
		3CDB2D762A95E08B00030EDF /* FirebaseInAppMessaging-Beta */ = {
			isa = XCSwiftPackageProductDependency;
			package = 3CDB2D532A95E08B00030EDF /* XCRemoteSwiftPackageReference "firebase-ios-sdk" */;
			productName = "FirebaseInAppMessaging-Beta";
		};
		3CDB2D782A95E08B00030EDF /* FirebaseInAppMessagingSwift-Beta */ = {
			isa = XCSwiftPackageProductDependency;
			package = 3CDB2D532A95E08B00030EDF /* XCRemoteSwiftPackageReference "firebase-ios-sdk" */;
			productName = "FirebaseInAppMessagingSwift-Beta";
		};
		3CDB2D7A2A95E08B00030EDF /* FirebaseInstallations */ = {
			isa = XCSwiftPackageProductDependency;
			package = 3CDB2D532A95E08B00030EDF /* XCRemoteSwiftPackageReference "firebase-ios-sdk" */;
			productName = FirebaseInstallations;
		};
		3CDB2D7C2A95E08B00030EDF /* FirebaseMLModelDownloader */ = {
			isa = XCSwiftPackageProductDependency;
			package = 3CDB2D532A95E08B00030EDF /* XCRemoteSwiftPackageReference "firebase-ios-sdk" */;
			productName = FirebaseMLModelDownloader;
		};
		3CDB2D7E2A95E08B00030EDF /* FirebaseMessaging */ = {
			isa = XCSwiftPackageProductDependency;
			package = 3CDB2D532A95E08B00030EDF /* XCRemoteSwiftPackageReference "firebase-ios-sdk" */;
			productName = FirebaseMessaging;
		};
		3CDB2D802A95E08B00030EDF /* FirebasePerformance */ = {
			isa = XCSwiftPackageProductDependency;
			package = 3CDB2D532A95E08B00030EDF /* XCRemoteSwiftPackageReference "firebase-ios-sdk" */;
			productName = FirebasePerformance;
		};
		3CDB2D822A95E08B00030EDF /* FirebaseRemoteConfig */ = {
			isa = XCSwiftPackageProductDependency;
			package = 3CDB2D532A95E08B00030EDF /* XCRemoteSwiftPackageReference "firebase-ios-sdk" */;
			productName = FirebaseRemoteConfig;
		};
		3CDB2D842A95E08B00030EDF /* FirebaseRemoteConfigSwift */ = {
			isa = XCSwiftPackageProductDependency;
			package = 3CDB2D532A95E08B00030EDF /* XCRemoteSwiftPackageReference "firebase-ios-sdk" */;
			productName = FirebaseRemoteConfigSwift;
		};
		3CDB2D862A95E08B00030EDF /* FirebaseStorage */ = {
			isa = XCSwiftPackageProductDependency;
			package = 3CDB2D532A95E08B00030EDF /* XCRemoteSwiftPackageReference "firebase-ios-sdk" */;
			productName = FirebaseStorage;
		};
		3CDB2D882A95E08B00030EDF /* FirebaseStorageCombine-Community */ = {
			isa = XCSwiftPackageProductDependency;
			package = 3CDB2D532A95E08B00030EDF /* XCRemoteSwiftPackageReference "firebase-ios-sdk" */;
			productName = "FirebaseStorageCombine-Community";
		};
/* End XCSwiftPackageProductDependency section */

/* Begin XCVersionGroup section */
		3CDB2D2D2A95DED000030EDF /* ios_roamantik_app.xcdatamodeld */ = {
			isa = XCVersionGroup;
			children = (
				3CDB2D2E2A95DED000030EDF /* ios_roamantik_app.xcdatamodel */,
			);
			currentVersion = 3CDB2D2E2A95DED000030EDF /* ios_roamantik_app.xcdatamodel */;
			path = ios_roamantik_app.xcdatamodeld;
			sourceTree = "<group>";
			versionGroupType = wrapper.xcdatamodel;
		};
/* End XCVersionGroup section */
	};
	rootObject = 3CDB2D172A95DECF00030EDF /* Project object */;
}
